
Microsoft Visual Studio Solution File, Format Version 12.00
# Visual Studio Version 16
VisualStudioVersion = 16.0.30517.126
MinimumVisualStudioVersion = 10.0.40219.1
Project("{FAE04EC0-301F-11D3-BF4B-00C04F79EFBC}") = "UnitTestProject1", "ConsoleApp1\UnitTestProject1\UnitTestProject1.csproj", "{1AC31AC0-ADB1-41EA-8B74-FC2497B20D64}"
EndProject
Global
	GlobalSection(SolutionConfigurationPlatforms) = preSolution
		Debug|Any CPU = Debug|Any CPU
		Release|Any CPU = Release|Any CPU
	EndGlobalSection
	GlobalSection(ProjectConfigurationPlatforms) = postSolution
		{1AC31AC0-ADB1-41EA-8B74-FC2497B20D64}.Debug|Any CPU.ActiveCfg = Debug|Any CPU
		{1AC31AC0-ADB1-41EA-8B74-FC2497B20D64}.Debug|Any CPU.Build.0 = Debug|Any CPU
		{1AC31AC0-ADB1-41EA-8B74-FC2497B20D64}.Release|Any CPU.ActiveCfg = Release|Any CPU
		{1AC31AC0-ADB1-41EA-8B74-FC2497B20D64}.Release|Any CPU.Build.0 = Release|Any CPU
	EndGlobalSection
	GlobalSection(SolutionProperties) = preSolution
		HideSolutionNode = FALSE
	EndGlobalSection
	GlobalSection(ExtensibilityGlobals) = postSolution
		SolutionGuid = {24687E44-9DE3-4523-A98C-80576A8AC035}
	EndGlobalSection
EndGlobal
